# Resolved on Windows amd64 / CPython 3.14.0 for the TimesFM 3 CPU environment.
# Resolution date: 2026-09-03. Versions are exact, but package hashes are not
# pinned in this lock; generate a hash-pinned lock before treating it as a
# supply-chain-complete installation input.
anyio==4.15.0
certifi==2026.7.22
click==8.5.0
colorama==0.4.6
filelock==3.32.5
fsspec==2026.7.0
h11==0.16.0
hf-xet==1.6.0
huggingface_hub==1.30.0
httpcore==1.0.9
httpx==0.28.1
idna==3.19
Jinja2==3.1.6
MarkupSafe==3.0.3
mpmath==1.3.0
networkx==3.6.1
numpy==2.5.2
packaging==26.3
PyYAML==6.0.3
safetensors==0.8.0
setuptools==84.0.0
sympy==1.14.0
timesfm==3.0.0
# The resolved interpreter reported the CPU build as 2.14.0+cpu; its freeze
# output is normalized here as 2.14.0.
torch==2.14.0
tqdm==4.70.0
typing_extensions==4.16.0
